<?xml version="1.0" encoding="utf-8"?>
<Project ToolsVersion="4.0" xmlns="http://schemas.microsoft.com/developer/msbuild/2003">
  <ItemGroup>
    <Filter Include="Source Files">
      <UniqueIdentifier>{4FC737F1-C7A5-4376-A066-2A32D752A2FF}</UniqueIdentifier>
      <Extensions>cpp;c;cc;cxx;c++;cppm;ixx;def;odl;idl;hpj;bat;asm;asmx</Extensions>
    </Filter>
    <Filter Include="Header Files">
      <UniqueIdentifier>{93995380-89BD-4b04-88EB-625FBE52EBFB}</UniqueIdentifier>
      <Extensions>h;hh;hpp;hxx;h++;hm;inl;inc;ipp;xsd</Extensions>
    </Filter>
    <Filter Include="Resource Files">
      <UniqueIdentifier>{67DA6AB6-F800-4c08-8B7A-83BB121AAD01}</UniqueIdentifier>
      <Extensions>rc;ico;cur;bmp;dlg;rc2;rct;bin;rgs;gif;jpg;jpeg;jpe;resx;tiff;tif;png;wav;mfcribbon-ms</Extensions>
    </Filter>
  </ItemGroup>
  <ItemGroup>
    <ClCompile Include="zeus_proxy.cpp">
      <Filter>Source Files</Filter>
    </ClCompile>
    <ClCompile Include="loader\zeus_type_loader.cpp">
      <Filter>Source Files</Filter>
    </ClCompile>
    <ClCompile Include="compat\packet.cpp">
      <Filter>Source Files</Filter>
    </ClCompile>
    <ClCompile Include="compat\packet_handler.cpp">
      <Filter>Source Files</Filter>
    </ClCompile>
    <ClCompile Include="compat\packet_manager.cpp">
      <Filter>Source Files</Filter>
    </ClCompile>
    <ClCompile Include="data\manager\data_manager.cpp">
      <Filter>Source Files</Filter>
    </ClCompile>
    <ClCompile Include="data\manager\player_data.cpp">
      <Filter>Source Files</Filter>
    </ClCompile>
    <ClCompile Include="data\transaction\effects\effect_handler.cpp">
      <Filter>Source Files</Filter>
    </ClCompile>
    <ClCompile Include="utils\location.cpp">
      <Filter>Source Files</Filter>
    </ClCompile>
    <ClCompile Include="utils\zmath.cpp">
      <Filter>Source Files</Filter>
    </ClCompile>
    <ClCompile Include="alert\alert_manager.cpp">
      <Filter>Source Files</Filter>
    </ClCompile>
    <ClCompile Include="utils\text_format.cpp">
      <Filter>Source Files</Filter>
    </ClCompile>
    <ClCompile Include="utils\zstring.cpp">
      <Filter>Source Files</Filter>
    </ClCompile>
    <ClCompile Include="checks\check_manager.cpp">
      <Filter>Source Files</Filter>
    </ClCompile>
    <ClCompile Include="protocols\packet_player_login.h">
      <Filter>Source Files</Filter>
    </ClCompile>
    <ClCompile Include="protocols\packet_player_logout.h">
      <Filter>Source Files</Filter>
    </ClCompile>
    <ClCompile Include="protocols\packet_keep_alive.h">
      <Filter>Source Files</Filter>
    </ClCompile>
    <ClCompile Include="protocols\packet_player_position.h">
      <Filter>Source Files</Filter>
    </ClCompile>
    <ClCompile Include="protocols\packet_player_arm_animation.h">
      <Filter>Source Files</Filter>
    </ClCompile>
    <ClCompile Include="protocols\packet_player_break_block.h">
      <Filter>Source Files</Filter>
    </ClCompile>
    <ClCompile Include="protocols\packet_player_place_block.h">
      <Filter>Source Files</Filter>
    </ClCompile>
    <ClCompile Include="protocols\packet_play_in_use_entity.h">
      <Filter>Source Files</Filter>
    </ClCompile>
    <ClCompile Include="protocols\packet_play_in_transaction.h">
      <Filter>Source Files</Filter>
    </ClCompile>
    <ClCompile Include="protocols\packet_play_in_rotation.h">
      <Filter>Source Files</Filter>
    </ClCompile>
    <ClCompile Include="protocols\packet_play_in_sneaking.h">
      <Filter>Source Files</Filter>
    </ClCompile>
    <ClCompile Include="protocols\packet_play_in_sprinting.h">
      <Filter>Source Files</Filter>
    </ClCompile>
    <ClCompile Include="protocols\packet_play_out_respawn.h">
      <Filter>Source Files</Filter>
    </ClCompile>
    <ClCompile Include="protocols\packet_play_in_death.h">
      <Filter>Source Files</Filter>
    </ClCompile>
    <ClCompile Include="protocols\packet_play_in_held_item_slot.h">
      <Filter>Source Files</Filter>
    </ClCompile>
    <ClCompile Include="protocols\packet_play_in_change_mode.h">
      <Filter>Source Files</Filter>
    </ClCompile>
    <ClCompile Include="protocols\packet_play_in_steer_vehicle.h">
      <Filter>Source Files</Filter>
    </ClCompile>
    <ClCompile Include="protocols\packet_play_in_close_window.h">
      <Filter>Source Files</Filter>
    </ClCompile>
    <ClCompile Include="protocols\packet_play_in_open_window.h">
      <Filter>Source Files</Filter>
    </ClCompile>
    <ClCompile Include="protocols\packet_play_out_explosion.h">
      <Filter>Source Files</Filter>
    </ClCompile>
    <ClCompile Include="protocols\packet_play_out_entity_teleport.h">
      <Filter>Source Files</Filter>
    </ClCompile>
    <ClCompile Include="protocols\packet_play_out_entity_effect.h">
      <Filter>Source Files</Filter>
    </ClCompile>
    <ClCompile Include="protocols\packet_play_out_transaction.h">
      <Filter>Source Files</Filter>
    </ClCompile>
    <ClCompile Include="protocols\packet_play_out_blocks_down.h">
      <Filter>Source Files</Filter>
    </ClCompile>
    <ClCompile Include="protocols\protocols.cpp">
      <Filter>Source Files</Filter>
    </ClCompile>
    <ClCompile Include="checks\enums\check_type.cpp">
      <Filter>Source Files</Filter>
    </ClCompile>
    <ClCompile Include="utils\blocks.cpp">
      <Filter>Source Files</Filter>
    </ClCompile>
    <ClCompile Include="utils\date_time.cpp">
      <Filter>Source Files</Filter>
    </ClCompile>
    <ClCompile Include="utils\zvector.cpp">
      <Filter>Source Files</Filter>
    </ClCompile>
    <ClCompile Include="checks\impl\badpackets\badpackets_check_loader.cpp">
      <Filter>Source Files</Filter>
    </ClCompile>
    <ClCompile Include="checks\impl\speed\speed_check_loader.cpp">
      <Filter>Source Files</Filter>
    </ClCompile>
  </ItemGroup>
  <ItemGroup>
    <ClInclude Include="zeus_proxy.h">
      <Filter>Header Files</Filter>
    </ClInclude>
    <ClInclude Include="loader\zeus_type_loader.h">
      <Filter>Header Files</Filter>
    </ClInclude>
    <ClInclude Include="resource.h">
      <Filter>Header Files</Filter>
    </ClInclude>
    <ClInclude Include="include\nlohmann\detail\conversions\from_json.hpp">
      <Filter>Header Files</Filter>
    </ClInclude>
    <ClInclude Include="include\nlohmann\detail\conversions\to_chars.hpp">
      <Filter>Header Files</Filter>
    </ClInclude>
    <ClInclude Include="include\nlohmann\detail\conversions\to_json.hpp">
      <Filter>Header Files</Filter>
    </ClInclude>
    <ClInclude Include="include\nlohmann\detail\input\binary_reader.hpp">
      <Filter>Header Files</Filter>
    </ClInclude>
    <ClInclude Include="include\nlohmann\detail\input\input_adapters.hpp">
      <Filter>Header Files</Filter>
    </ClInclude>
    <ClInclude Include="include\nlohmann\detail\input\json_sax.hpp">
      <Filter>Header Files</Filter>
    </ClInclude>
    <ClInclude Include="include\nlohmann\detail\input\lexer.hpp">
      <Filter>Header Files</Filter>
    </ClInclude>
    <ClInclude Include="include\nlohmann\detail\input\parser.hpp">
      <Filter>Header Files</Filter>
    </ClInclude>
    <ClInclude Include="include\nlohmann\detail\input\position_t.hpp">
      <Filter>Header Files</Filter>
    </ClInclude>
    <ClInclude Include="include\nlohmann\detail\iterators\internal_iterator.hpp">
      <Filter>Header Files</Filter>
    </ClInclude>
    <ClInclude Include="include\nlohmann\detail\iterators\iter_impl.hpp">
      <Filter>Header Files</Filter>
    </ClInclude>
    <ClInclude Include="include\nlohmann\detail\iterators\iteration_proxy.hpp">
      <Filter>Header Files</Filter>
    </ClInclude>
    <ClInclude Include="include\nlohmann\detail\iterators\iterator_traits.hpp">
      <Filter>Header Files</Filter>
    </ClInclude>
    <ClInclude Include="include\nlohmann\detail\iterators\json_reverse_iterator.hpp">
      <Filter>Header Files</Filter>
    </ClInclude>
    <ClInclude Include="include\nlohmann\detail\iterators\primitive_iterator.hpp">
      <Filter>Header Files</Filter>
    </ClInclude>
    <ClInclude Include="include\nlohmann\detail\meta\call_std\begin.hpp">
      <Filter>Header Files</Filter>
    </ClInclude>
    <ClInclude Include="include\nlohmann\detail\meta\call_std\end.hpp">
      <Filter>Header Files</Filter>
    </ClInclude>
    <ClInclude Include="include\nlohmann\detail\meta\cpp_future.hpp">
      <Filter>Header Files</Filter>
    </ClInclude>
    <ClInclude Include="include\nlohmann\detail\meta\detected.hpp">
      <Filter>Header Files</Filter>
    </ClInclude>
    <ClInclude Include="include\nlohmann\detail\meta\identity_tag.hpp">
      <Filter>Header Files</Filter>
    </ClInclude>
    <ClInclude Include="include\nlohmann\detail\meta\is_sax.hpp">
      <Filter>Header Files</Filter>
    </ClInclude>
    <ClInclude Include="include\nlohmann\detail\meta\std_fs.hpp">
      <Filter>Header Files</Filter>
    </ClInclude>
    <ClInclude Include="include\nlohmann\detail\meta\type_traits.hpp">
      <Filter>Header Files</Filter>
    </ClInclude>
    <ClInclude Include="include\nlohmann\detail\meta\void_t.hpp">
      <Filter>Header Files</Filter>
    </ClInclude>
    <ClInclude Include="include\nlohmann\detail\output\binary_writer.hpp">
      <Filter>Header Files</Filter>
    </ClInclude>
    <ClInclude Include="include\nlohmann\detail\output\output_adapters.hpp">
      <Filter>Header Files</Filter>
    </ClInclude>
    <ClInclude Include="include\nlohmann\detail\output\serializer.hpp">
      <Filter>Header Files</Filter>
    </ClInclude>
    <ClInclude Include="include\nlohmann\detail\abi_macros.hpp">
      <Filter>Header Files</Filter>
    </ClInclude>
    <ClInclude Include="include\nlohmann\detail\exceptions.hpp">
      <Filter>Header Files</Filter>
    </ClInclude>
    <ClInclude Include="include\nlohmann\detail\hash.hpp">
      <Filter>Header Files</Filter>
    </ClInclude>
    <ClInclude Include="include\nlohmann\detail\json_custom_base_class.hpp">
      <Filter>Header Files</Filter>
    </ClInclude>
    <ClInclude Include="include\nlohmann\detail\json_pointer.hpp">
      <Filter>Header Files</Filter>
    </ClInclude>
    <ClInclude Include="include\nlohmann\detail\json_ref.hpp">
      <Filter>Header Files</Filter>
    </ClInclude>
    <ClInclude Include="include\nlohmann\detail\macro_scope.hpp">
      <Filter>Header Files</Filter>
    </ClInclude>
    <ClInclude Include="include\nlohmann\detail\macro_unscope.hpp">
      <Filter>Header Files</Filter>
    </ClInclude>
    <ClInclude Include="include\nlohmann\detail\string_concat.hpp">
      <Filter>Header Files</Filter>
    </ClInclude>
    <ClInclude Include="include\nlohmann\detail\string_escape.hpp">
      <Filter>Header Files</Filter>
    </ClInclude>
    <ClInclude Include="include\nlohmann\detail\value_t.hpp">
      <Filter>Header Files</Filter>
    </ClInclude>
    <ClInclude Include="include\nlohmann\thirdparty\hedley\hedley.hpp">
      <Filter>Header Files</Filter>
    </ClInclude>
    <ClInclude Include="include\nlohmann\thirdparty\hedley\hedley_undef.hpp">
      <Filter>Header Files</Filter>
    </ClInclude>
    <ClInclude Include="include\nlohmann\adl_serializer.hpp">
      <Filter>Header Files</Filter>
    </ClInclude>
    <ClInclude Include="include\nlohmann\byte_container_with_subtype.hpp">
      <Filter>Header Files</Filter>
    </ClInclude>
    <ClInclude Include="include\nlohmann\json.hpp">
      <Filter>Header Files</Filter>
    </ClInclude>
    <ClInclude Include="include\nlohmann\json_fwd.hpp">
      <Filter>Header Files</Filter>
    </ClInclude>
    <ClInclude Include="include\nlohmann\ordered_map.hpp">
      <Filter>Header Files</Filter>
    </ClInclude>
    <ClInclude Include="compat\packet.h">
      <Filter>Header Files</Filter>
    </ClInclude>
    <ClInclude Include="compat\packet_handler.h">
      <Filter>Header Files</Filter>
    </ClInclude>
    <ClInclude Include="compat\packet_manager.h">
      <Filter>Header Files</Filter>
    </ClInclude>
    <ClInclude Include="data\manager\data_manager.h">
      <Filter>Header Files</Filter>
    </ClInclude>
    <ClInclude Include="data\manager\player_data.h">
      <Filter>Header Files</Filter>
    </ClInclude>
    <ClInclude Include="data\transaction\effects\effect_handler.h">
      <Filter>Header Files</Filter>
    </ClInclude>
    <ClInclude Include="utils\location.h">
      <Filter>Header Files</Filter>
    </ClInclude>
    <ClInclude Include="utils\zmath.h">
      <Filter>Header Files</Filter>
    </ClInclude>
    <ClInclude Include="utils\text_format.h">
      <Filter>Header Files</Filter>
    </ClInclude>
    <ClInclude Include="alert\alert_manager.h">
      <Filter>Header Files</Filter>
    </ClInclude>
    <ClInclude Include="utils\zstring.h">
      <Filter>Header Files</Filter>
    </ClInclude>
    <ClInclude Include="checks\check_manager.h">
      <Filter>Header Files</Filter>
    </ClInclude>
    <ClInclude Include="protocols\protocols.h">
      <Filter>Header Files</Filter>
    </ClInclude>
    <ClInclude Include="checks\types\check.h">
      <Filter>Header Files</Filter>
    </ClInclude>
    <ClInclude Include="checks\enums\check_type.h">
      <Filter>Header Files</Filter>
    </ClInclude>
    <ClInclude Include="checks\impl\speed\speed_a.h">
      <Filter>Header Files</Filter>
    </ClInclude>
    <ClInclude Include="utils\blocks.h">
      <Filter>Header Files</Filter>
    </ClInclude>
    <ClInclude Include="utils\date_time.h">
      <Filter>Header Files</Filter>
    </ClInclude>
    <ClInclude Include="utils\zvector.h">
      <Filter>Header Files</Filter>
    </ClInclude>
    <ClInclude Include="checks\impl\badpackets\badpackets_a.h">
      <Filter>Header Files</Filter>
    </ClInclude>
    <ClInclude Include="checks\impl\speed\speed_b.h">
      <Filter>Header Files</Filter>
    </ClInclude>
  </ItemGroup>
  <ItemGroup>
    <ResourceCompile Include="zeus_proxy.rc">
      <Filter>Resource Files</Filter>
    </ResourceCompile>
  </ItemGroup>
  <ItemGroup>
    <Image Include="icon1.ico">
      <Filter>Resource Files</Filter>
    </Image>
    <Image Include="..\..\Folders\Projects\AntiCheat Project\ZeusApplication\app\public\images\icon.ico">
      <Filter>Resource Files</Filter>
    </Image>
  </ItemGroup>
  <ItemGroup>
    <None Include="packages.config" />
  </ItemGroup>
</Project>